// !$*UTF8*$!
{
	archiveVersion = 1;
	classes = {
	};
	objectVersion = 52;
	objects = {

/* Begin PBXBuildFile section */
		E7028A6423F05C5C00DC8FD7 /* DateViewModelMapper.swift in Sources */ = {isa = PBXBuildFile; fileRef = E7028A6323F05C5C00DC8FD7 /* DateViewModelMapper.swift */; };
		E7028A6623F05C7600DC8FD7 /* DateFormatter.swift in Sources */ = {isa = PBXBuildFile; fileRef = E7028A6523F05C7600DC8FD7 /* DateFormatter.swift */; };
		E7AB00A123EEDB1500C39FC8 /* EventHeaderView.swift in Sources */ = {isa = PBXBuildFile; fileRef = E7AB00A023EEDB1500C39FC8 /* EventHeaderView.swift */; };
		E7AB00A523EEDE4200C39FC8 /* Core in Frameworks */ = {isa = PBXBuildFile; productRef = E7AB00A423EEDE4200C39FC8 /* Core */; };
		E7AB00A823EF029E00C39FC8 /* DependencyProvider.swift in Sources */ = {isa = PBXBuildFile; fileRef = E7AB00A723EF029E00C39FC8 /* DependencyProvider.swift */; };
		E7AB00AB23EF03B200C39FC8 /* RootCoordinator.swift in Sources */ = {isa = PBXBuildFile; fileRef = E7AB00AA23EF03B200C39FC8 /* RootCoordinator.swift */; };
		E7AB00AD23EF075500C39FC8 /* EventRootView.swift in Sources */ = {isa = PBXBuildFile; fileRef = E7AB00AC23EF075500C39FC8 /* EventRootView.swift */; };
		E7AB00B023EF125800C39FC8 /* EventDetailViewModelMapper.swift in Sources */ = {isa = PBXBuildFile; fileRef = E7AB00AF23EF125800C39FC8 /* EventDetailViewModelMapper.swift */; };
		E7AB00B423EF13C500C39FC8 /* EventListViewModelMapper.swift in Sources */ = {isa = PBXBuildFile; fileRef = E7AB00B323EF13C500C39FC8 /* EventListViewModelMapper.swift */; };
		E7DF773523EB25F7005BE0F2 /* Assets.xcassets in Resources */ = {isa = PBXBuildFile; fileRef = E7DF773423EB25F7005BE0F2 /* Assets.xcassets */; };
		E7DF773823EB25F7005BE0F2 /* Preview Assets.xcassets in Resources */ = {isa = PBXBuildFile; fileRef = E7DF773723EB25F7005BE0F2 /* Preview Assets.xcassets */; };
		E7DF773B23EB25F7005BE0F2 /* Main.storyboard in Resources */ = {isa = PBXBuildFile; fileRef = E7DF773923EB25F7005BE0F2 /* Main.storyboard */; };
		E7DF774923EB266F005BE0F2 /* AppDelegate.swift in Sources */ = {isa = PBXBuildFile; fileRef = E7DF774723EB266E005BE0F2 /* AppDelegate.swift */; };
		E7DF774A23EB266F005BE0F2 /* EventListView.swift in Sources */ = {isa = PBXBuildFile; fileRef = E7DF774823EB266E005BE0F2 /* EventListView.swift */; };
		E7DF775023EB2694005BE0F2 /* Info.plist in Resources */ = {isa = PBXBuildFile; fileRef = E7DF774F23EB2694005BE0F2 /* Info.plist */; };
		E7DF776023EB2844005BE0F2 /* EventListPresenter.swift in Sources */ = {isa = PBXBuildFile; fileRef = E7DF775F23EB2844005BE0F2 /* EventListPresenter.swift */; };
		E7DF776223EB28DB005BE0F2 /* EventRowViewModel.swift in Sources */ = {isa = PBXBuildFile; fileRef = E7DF776123EB28DB005BE0F2 /* EventRowViewModel.swift */; };
		E7DF776423EC2605005BE0F2 /* EventListPresenterImplementation.swift in Sources */ = {isa = PBXBuildFile; fileRef = E7DF776323EC2605005BE0F2 /* EventListPresenterImplementation.swift */; };
		E7DF777723ED968F005BE0F2 /* RootView.swift in Sources */ = {isa = PBXBuildFile; fileRef = E7DF777623ED968F005BE0F2 /* RootView.swift */; };
		E7DF777A23ED99EA005BE0F2 /* EventDetailView.swift in Sources */ = {isa = PBXBuildFile; fileRef = E7DF777923ED99EA005BE0F2 /* EventDetailView.swift */; };
		E7DF777D23ED9A1F005BE0F2 /* EventDetailPresenter.swift in Sources */ = {isa = PBXBuildFile; fileRef = E7DF777C23ED9A1F005BE0F2 /* EventDetailPresenter.swift */; };
		E7DF778023ED9A5A005BE0F2 /* EventRow.swift in Sources */ = {isa = PBXBuildFile; fileRef = E7DF777F23ED9A5A005BE0F2 /* EventRow.swift */; };
		E7DF778423ED9B52005BE0F2 /* EventDetailViewModel.swift in Sources */ = {isa = PBXBuildFile; fileRef = E7DF778323ED9B52005BE0F2 /* EventDetailViewModel.swift */; };
		E7DF778823EDA0B0005BE0F2 /* DateViewModel.swift in Sources */ = {isa = PBXBuildFile; fileRef = E7DF778723EDA0B0005BE0F2 /* DateViewModel.swift */; };
		E7DF778A23EDA19F005BE0F2 /* EventDetailPresenterImplementation.swift in Sources */ = {isa = PBXBuildFile; fileRef = E7DF778923EDA19F005BE0F2 /* EventDetailPresenterImplementation.swift */; };
		E7DF778C23EDABB0005BE0F2 /* Localizable.strings in Resources */ = {isa = PBXBuildFile; fileRef = E7DF778B23EDABB0005BE0F2 /* Localizable.strings */; };
		E7DF778F23EDAD17005BE0F2 /* AlignmentModifier.swift in Sources */ = {isa = PBXBuildFile; fileRef = E7DF778E23EDAD17005BE0F2 /* AlignmentModifier.swift */; };
		E7DF779223EDD985005BE0F2 /* Color.swift in Sources */ = {isa = PBXBuildFile; fileRef = E7DF779123EDD985005BE0F2 /* Color.swift */; };
/* End PBXBuildFile section */

/* Begin PBXFileReference section */
		E7028A6323F05C5C00DC8FD7 /* DateViewModelMapper.swift */ = {isa = PBXFileReference; lastKnownFileType = sourcecode.swift; path = DateViewModelMapper.swift; sourceTree = "<group>"; };
		E7028A6523F05C7600DC8FD7 /* DateFormatter.swift */ = {isa = PBXFileReference; lastKnownFileType = sourcecode.swift; path = DateFormatter.swift; sourceTree = "<group>"; };
		E7AB00A023EEDB1500C39FC8 /* EventHeaderView.swift */ = {isa = PBXFileReference; lastKnownFileType = sourcecode.swift; path = EventHeaderView.swift; sourceTree = "<group>"; };
		E7AB00A223EEDC6B00C39FC8 /* Core */ = {isa = PBXFileReference; lastKnownFileType = folder; path = Core; sourceTree = "<group>"; };
		E7AB00A723EF029E00C39FC8 /* DependencyProvider.swift */ = {isa = PBXFileReference; lastKnownFileType = sourcecode.swift; path = DependencyProvider.swift; sourceTree = "<group>"; };
		E7AB00AA23EF03B200C39FC8 /* RootCoordinator.swift */ = {isa = PBXFileReference; lastKnownFileType = sourcecode.swift; path = RootCoordinator.swift; sourceTree = "<group>"; };
		E7AB00AC23EF075500C39FC8 /* EventRootView.swift */ = {isa = PBXFileReference; lastKnownFileType = sourcecode.swift; path = EventRootView.swift; sourceTree = "<group>"; };
		E7AB00AF23EF125800C39FC8 /* EventDetailViewModelMapper.swift */ = {isa = PBXFileReference; lastKnownFileType = sourcecode.swift; path = EventDetailViewModelMapper.swift; sourceTree = "<group>"; };
		E7AB00B323EF13C500C39FC8 /* EventListViewModelMapper.swift */ = {isa = PBXFileReference; lastKnownFileType = sourcecode.swift; path = EventListViewModelMapper.swift; sourceTree = "<group>"; };
		E7DF772D23EB25F6005BE0F2 /* LeMonde.app */ = {isa = PBXFileReference; explicitFileType = wrapper.application; includeInIndex = 0; path = LeMonde.app; sourceTree = BUILT_PRODUCTS_DIR; };
		E7DF773423EB25F7005BE0F2 /* Assets.xcassets */ = {isa = PBXFileReference; lastKnownFileType = folder.assetcatalog; path = Assets.xcassets; sourceTree = "<group>"; };
		E7DF773723EB25F7005BE0F2 /* Preview Assets.xcassets */ = {isa = PBXFileReference; lastKnownFileType = folder.assetcatalog; path = "Preview Assets.xcassets"; sourceTree = "<group>"; };
		E7DF773A23EB25F7005BE0F2 /* Base */ = {isa = PBXFileReference; lastKnownFileType = file.storyboard; name = Base; path = Base.lproj/Main.storyboard; sourceTree = "<group>"; };
		E7DF774723EB266E005BE0F2 /* AppDelegate.swift */ = {isa = PBXFileReference; fileEncoding = 4; lastKnownFileType = sourcecode.swift; path = AppDelegate.swift; sourceTree = "<group>"; };
		E7DF774823EB266E005BE0F2 /* EventListView.swift */ = {isa = PBXFileReference; fileEncoding = 4; lastKnownFileType = sourcecode.swift; path = EventListView.swift; sourceTree = "<group>"; };
		E7DF774E23EB2694005BE0F2 /* LeMonde.entitlements */ = {isa = PBXFileReference; fileEncoding = 4; lastKnownFileType = text.plist.entitlements; path = LeMonde.entitlements; sourceTree = "<group>"; };
		E7DF774F23EB2694005BE0F2 /* Info.plist */ = {isa = PBXFileReference; fileEncoding = 4; lastKnownFileType = text.plist.xml; path = Info.plist; sourceTree = "<group>"; };
		E7DF775F23EB2844005BE0F2 /* EventListPresenter.swift */ = {isa = PBXFileReference; lastKnownFileType = sourcecode.swift; path = EventListPresenter.swift; sourceTree = "<group>"; };
		E7DF776123EB28DB005BE0F2 /* EventRowViewModel.swift */ = {isa = PBXFileReference; lastKnownFileType = sourcecode.swift; path = EventRowViewModel.swift; sourceTree = "<group>"; };
		E7DF776323EC2605005BE0F2 /* EventListPresenterImplementation.swift */ = {isa = PBXFileReference; lastKnownFileType = sourcecode.swift; path = EventListPresenterImplementation.swift; sourceTree = "<group>"; };
		E7DF777623ED968F005BE0F2 /* RootView.swift */ = {isa = PBXFileReference; lastKnownFileType = sourcecode.swift; path = RootView.swift; sourceTree = "<group>"; };
		E7DF777923ED99EA005BE0F2 /* EventDetailView.swift */ = {isa = PBXFileReference; lastKnownFileType = sourcecode.swift; path = EventDetailView.swift; sourceTree = "<group>"; };
		E7DF777C23ED9A1F005BE0F2 /* EventDetailPresenter.swift */ = {isa = PBXFileReference; lastKnownFileType = sourcecode.swift; path = EventDetailPresenter.swift; sourceTree = "<group>"; };
		E7DF777F23ED9A5A005BE0F2 /* EventRow.swift */ = {isa = PBXFileReference; lastKnownFileType = sourcecode.swift; path = EventRow.swift; sourceTree = "<group>"; };
		E7DF778323ED9B52005BE0F2 /* EventDetailViewModel.swift */ = {isa = PBXFileReference; lastKnownFileType = sourcecode.swift; path = EventDetailViewModel.swift; sourceTree = "<group>"; };
		E7DF778723EDA0B0005BE0F2 /* DateViewModel.swift */ = {isa = PBXFileReference; lastKnownFileType = sourcecode.swift; path = DateViewModel.swift; sourceTree = "<group>"; };
		E7DF778923EDA19F005BE0F2 /* EventDetailPresenterImplementation.swift */ = {isa = PBXFileReference; lastKnownFileType = sourcecode.swift; path = EventDetailPresenterImplementation.swift; sourceTree = "<group>"; };
		E7DF778B23EDABB0005BE0F2 /* Localizable.strings */ = {isa = PBXFileReference; lastKnownFileType = text.plist.strings; name = Localizable.strings; path = LeMonde/Resources/Localizable.strings; sourceTree = SOURCE_ROOT; };
		E7DF778E23EDAD17005BE0F2 /* AlignmentModifier.swift */ = {isa = PBXFileReference; lastKnownFileType = sourcecode.swift; path = AlignmentModifier.swift; sourceTree = "<group>"; };
		E7DF779123EDD985005BE0F2 /* Color.swift */ = {isa = PBXFileReference; lastKnownFileType = sourcecode.swift; path = Color.swift; sourceTree = "<group>"; };
/* End PBXFileReference section */

/* Begin PBXFrameworksBuildPhase section */
		E7DF772A23EB25F6005BE0F2 /* Frameworks */ = {
			isa = PBXFrameworksBuildPhase;
			buildActionMask = 2147483647;
			files = (
				E7AB00A523EEDE4200C39FC8 /* Core in Frameworks */,
			);
			runOnlyForDeploymentPostprocessing = 0;
		};
/* End PBXFrameworksBuildPhase section */

/* Begin PBXGroup section */
		E7AB009F23EEDB0500C39FC8 /* View */ = {
			isa = PBXGroup;
			children = (
				E7DF777923ED99EA005BE0F2 /* EventDetailView.swift */,
				E7AB00A023EEDB1500C39FC8 /* EventHeaderView.swift */,
			);
			name = View;
			sourceTree = "<group>";
		};
		E7AB00A323EEDE4200C39FC8 /* Frameworks */ = {
			isa = PBXGroup;
			children = (
			);
			name = Frameworks;
			sourceTree = "<group>";
		};
		E7AB00A623EF028800C39FC8 /* DI */ = {
			isa = PBXGroup;
			children = (
				E7AB00A723EF029E00C39FC8 /* DependencyProvider.swift */,
			);
			name = DI;
			sourceTree = "<group>";
		};
		E7AB00A923EF03A300C39FC8 /* Coordinator */ = {
			isa = PBXGroup;
			children = (
				E7AB00AA23EF03B200C39FC8 /* RootCoordinator.swift */,
			);
			name = Coordinator;
			sourceTree = "<group>";
		};
		E7AB00AE23EF124B00C39FC8 /* Mapper */ = {
			isa = PBXGroup;
			children = (
				E7AB00AF23EF125800C39FC8 /* EventDetailViewModelMapper.swift */,
			);
			name = Mapper;
			sourceTree = "<group>";
		};
		E7AB00B223EF13B400C39FC8 /* Mapper */ = {
			isa = PBXGroup;
			children = (
				E7AB00B323EF13C500C39FC8 /* EventListViewModelMapper.swift */,
			);
			name = Mapper;
			sourceTree = "<group>";
		};
		E7DF772423EB25F6005BE0F2 = {
			isa = PBXGroup;
			children = (
				E7AB00A223EEDC6B00C39FC8 /* Core */,
				E7DF772F23EB25F6005BE0F2 /* LeMonde */,
				E7DF772E23EB25F6005BE0F2 /* Products */,
				E7AB00A323EEDE4200C39FC8 /* Frameworks */,
			);
			sourceTree = "<group>";
		};
		E7DF772E23EB25F6005BE0F2 /* Products */ = {
			isa = PBXGroup;
			children = (
				E7DF772D23EB25F6005BE0F2 /* LeMonde.app */,
			);
			name = Products;
			sourceTree = "<group>";
		};
		E7DF772F23EB25F6005BE0F2 /* LeMonde */ = {
			isa = PBXGroup;
			children = (
				E7DF774B23EB2673005BE0F2 /* Resources */,
				E7DF774623EB266E005BE0F2 /* Classes */,
				E7DF773623EB25F7005BE0F2 /* Preview Content */,
				E7DF774D23EB2694005BE0F2 /* Configuration */,
			);
			path = LeMonde;
			sourceTree = "<group>";
		};
		E7DF773623EB25F7005BE0F2 /* Preview Content */ = {
			isa = PBXGroup;
			children = (
				E7DF773723EB25F7005BE0F2 /* Preview Assets.xcassets */,
				E7DF778B23EDABB0005BE0F2 /* Localizable.strings */,
			);
			path = "Preview Content";
			sourceTree = "<group>";
		};
		E7DF774623EB266E005BE0F2 /* Classes */ = {
			isa = PBXGroup;
			children = (
				E7DF774723EB266E005BE0F2 /* AppDelegate.swift */,
				E7DF779023EDD979005BE0F2 /* Extension */,
				E7AB00A623EF028800C39FC8 /* DI */,
				E7AB00A923EF03A300C39FC8 /* Coordinator */,
				E7DF775223EB26C2005BE0F2 /* UI */,
			);
			path = Classes;
			sourceTree = "<group>";
		};
		E7DF774B23EB2673005BE0F2 /* Resources */ = {
			isa = PBXGroup;
			children = (
				E7DF773423EB25F7005BE0F2 /* Assets.xcassets */,
				E7DF773923EB25F7005BE0F2 /* Main.storyboard */,
			);
			path = Resources;
			sourceTree = "<group>";
		};
		E7DF774D23EB2694005BE0F2 /* Configuration */ = {
			isa = PBXGroup;
			children = (
				E7DF774E23EB2694005BE0F2 /* LeMonde.entitlements */,
				E7DF774F23EB2694005BE0F2 /* Info.plist */,
			);
			path = Configuration;
			sourceTree = "<group>";
		};
		E7DF775223EB26C2005BE0F2 /* UI */ = {
			isa = PBXGroup;
			children = (
				E7DF778523EDA0A1005BE0F2 /* Shared */,
				E7DF777523ED9681005BE0F2 /* Root */,
				E7DF775D23EB2820005BE0F2 /* EventList */,
				E7DF777823ED99D5005BE0F2 /* EventDetail */,
			);
			name = UI;
			sourceTree = "<group>";
		};
		E7DF775D23EB2820005BE0F2 /* EventList */ = {
			isa = PBXGroup;
			children = (
				E7DF778123ED9B0A005BE0F2 /* Presenter */,
				E7DF777E23ED9A4C005BE0F2 /* View */,
				E7DF775E23EB283B005BE0F2 /* ViewModel */,
			);
			name = EventList;
			sourceTree = "<group>";
		};
		E7DF775E23EB283B005BE0F2 /* ViewModel */ = {
			isa = PBXGroup;
			children = (
				E7AB00B223EF13B400C39FC8 /* Mapper */,
				E7DF776123EB28DB005BE0F2 /* EventRowViewModel.swift */,
			);
			name = ViewModel;
			sourceTree = "<group>";
		};
		E7DF777523ED9681005BE0F2 /* Root */ = {
			isa = PBXGroup;
			children = (
				E7DF777623ED968F005BE0F2 /* RootView.swift */,
				E7AB00AC23EF075500C39FC8 /* EventRootView.swift */,
			);
			name = Root;
			sourceTree = "<group>";
		};
		E7DF777823ED99D5005BE0F2 /* EventDetail */ = {
			isa = PBXGroup;
			children = (
				E7AB009F23EEDB0500C39FC8 /* View */,
				E7DF778223ED9B40005BE0F2 /* Presenter */,
				E7DF777B23ED99F6005BE0F2 /* ViewModel */,
			);
			name = EventDetail;
			sourceTree = "<group>";
		};
		E7DF777B23ED99F6005BE0F2 /* ViewModel */ = {
			isa = PBXGroup;
			children = (
				E7AB00AE23EF124B00C39FC8 /* Mapper */,
				E7DF778323ED9B52005BE0F2 /* EventDetailViewModel.swift */,
			);
			name = ViewModel;
			sourceTree = "<group>";
		};
		E7DF777E23ED9A4C005BE0F2 /* View */ = {
			isa = PBXGroup;
			children = (
				E7DF774823EB266E005BE0F2 /* EventListView.swift */,
				E7DF777F23ED9A5A005BE0F2 /* EventRow.swift */,
			);
			name = View;
			sourceTree = "<group>";
		};
		E7DF778123ED9B0A005BE0F2 /* Presenter */ = {
			isa = PBXGroup;
			children = (
				E7DF775F23EB2844005BE0F2 /* EventListPresenter.swift */,
				E7DF776323EC2605005BE0F2 /* EventListPresenterImplementation.swift */,
			);
			name = Presenter;
			sourceTree = "<group>";
		};
		E7DF778223ED9B40005BE0F2 /* Presenter */ = {
			isa = PBXGroup;
			children = (
				E7DF777C23ED9A1F005BE0F2 /* EventDetailPresenter.swift */,
				E7DF778923EDA19F005BE0F2 /* EventDetailPresenterImplementation.swift */,
			);
			name = Presenter;
			sourceTree = "<group>";
		};
		E7DF778523EDA0A1005BE0F2 /* Shared */ = {
			isa = PBXGroup;
			children = (
				E7DF778D23EDACE3005BE0F2 /* ViewModifier */,
				E7DF778623EDA0A6005BE0F2 /* ViewModel */,
			);
			name = Shared;
			sourceTree = "<group>";
		};
		E7DF778623EDA0A6005BE0F2 /* ViewModel */ = {
			isa = PBXGroup;
			children = (
				E7DF778723EDA0B0005BE0F2 /* DateViewModel.swift */,
				E7028A6323F05C5C00DC8FD7 /* DateViewModelMapper.swift */,
			);
			name = ViewModel;
			sourceTree = "<group>";
		};
		E7DF778D23EDACE3005BE0F2 /* ViewModifier */ = {
			isa = PBXGroup;
			children = (
				E7DF778E23EDAD17005BE0F2 /* AlignmentModifier.swift */,
			);
			name = ViewModifier;
			sourceTree = "<group>";
		};
		E7DF779023EDD979005BE0F2 /* Extension */ = {
			isa = PBXGroup;
			children = (
				E7DF779123EDD985005BE0F2 /* Color.swift */,
				E7028A6523F05C7600DC8FD7 /* DateFormatter.swift */,
			);
			name = Extension;
			sourceTree = "<group>";
		};
/* End PBXGroup section */

/* Begin PBXNativeTarget section */
		E7DF772C23EB25F6005BE0F2 /* LeMonde */ = {
			isa = PBXNativeTarget;
			buildConfigurationList = E7DF774023EB25F7005BE0F2 /* Build configuration list for PBXNativeTarget "LeMonde" */;
			buildPhases = (
				E7DF772923EB25F6005BE0F2 /* Sources */,
				E7DF772A23EB25F6005BE0F2 /* Frameworks */,
				E7DF772B23EB25F6005BE0F2 /* Resources */,
			);
			buildRules = (
			);
			dependencies = (
			);
			name = LeMonde;
			packageProductDependencies = (
				E7AB00A423EEDE4200C39FC8 /* Core */,
			);
			productName = LeMonde;
			productReference = E7DF772D23EB25F6005BE0F2 /* LeMonde.app */;
			productType = "com.apple.product-type.application";
		};
/* End PBXNativeTarget section */

/* Begin PBXProject section */
		E7DF772523EB25F6005BE0F2 /* Project object */ = {
			isa = PBXProject;
			attributes = {
				LastSwiftUpdateCheck = 1130;
				LastUpgradeCheck = 1130;
				ORGANIZATIONNAME = "Gaetan Zanella";
				TargetAttributes = {
					E7DF772C23EB25F6005BE0F2 = {
						CreatedOnToolsVersion = 11.3.1;
					};
				};
			};
			buildConfigurationList = E7DF772823EB25F6005BE0F2 /* Build configuration list for PBXProject "LeMonde" */;
			compatibilityVersion = "Xcode 9.3";
			developmentRegion = en;
			hasScannedForEncodings = 0;
			knownRegions = (
				en,
				Base,
			);
			mainGroup = E7DF772423EB25F6005BE0F2;
			productRefGroup = E7DF772E23EB25F6005BE0F2 /* Products */;
			projectDirPath = "";
			projectRoot = "";
			targets = (
				E7DF772C23EB25F6005BE0F2 /* LeMonde */,
			);
		};
/* End PBXProject section */

/* Begin PBXResourcesBuildPhase section */
		E7DF772B23EB25F6005BE0F2 /* Resources */ = {
			isa = PBXResourcesBuildPhase;
			buildActionMask = 2147483647;
			files = (
				E7DF778C23EDABB0005BE0F2 /* Localizable.strings in Resources */,
				E7DF775023EB2694005BE0F2 /* Info.plist in Resources */,
				E7DF773B23EB25F7005BE0F2 /* Main.storyboard in Resources */,
				E7DF773823EB25F7005BE0F2 /* Preview Assets.xcassets in Resources */,
				E7DF773523EB25F7005BE0F2 /* Assets.xcassets in Resources */,
			);
			runOnlyForDeploymentPostprocessing = 0;
		};
/* End PBXResourcesBuildPhase section */

/* Begin PBXSourcesBuildPhase section */
		E7DF772923EB25F6005BE0F2 /* Sources */ = {
			isa = PBXSourcesBuildPhase;
			buildActionMask = 2147483647;
			files = (
				E7DF778A23EDA19F005BE0F2 /* EventDetailPresenterImplementation.swift in Sources */,
				E7DF776423EC2605005BE0F2 /* EventListPresenterImplementation.swift in Sources */,
				E7DF774A23EB266F005BE0F2 /* EventListView.swift in Sources */,
				E7DF779223EDD985005BE0F2 /* Color.swift in Sources */,
				E7AB00A123EEDB1500C39FC8 /* EventHeaderView.swift in Sources */,
				E7DF778823EDA0B0005BE0F2 /* DateViewModel.swift in Sources */,
				E7AB00B023EF125800C39FC8 /* EventDetailViewModelMapper.swift in Sources */,
				E7DF778423ED9B52005BE0F2 /* EventDetailViewModel.swift in Sources */,
				E7AB00AD23EF075500C39FC8 /* EventRootView.swift in Sources */,
				E7DF776023EB2844005BE0F2 /* EventListPresenter.swift in Sources */,
				E7DF777723ED968F005BE0F2 /* RootView.swift in Sources */,
				E7AB00B423EF13C500C39FC8 /* EventListViewModelMapper.swift in Sources */,
				E7DF777D23ED9A1F005BE0F2 /* EventDetailPresenter.swift in Sources */,
				E7AB00AB23EF03B200C39FC8 /* RootCoordinator.swift in Sources */,
				E7DF778F23EDAD17005BE0F2 /* AlignmentModifier.swift in Sources */,
				E7028A6423F05C5C00DC8FD7 /* DateViewModelMapper.swift in Sources */,
				E7028A6623F05C7600DC8FD7 /* DateFormatter.swift in Sources */,
				E7DF778023ED9A5A005BE0F2 /* EventRow.swift in Sources */,
				E7DF777A23ED99EA005BE0F2 /* EventDetailView.swift in Sources */,
				E7AB00A823EF029E00C39FC8 /* DependencyProvider.swift in Sources */,
				E7DF776223EB28DB005BE0F2 /* EventRowViewModel.swift in Sources */,
				E7DF774923EB266F005BE0F2 /* AppDelegate.swift in Sources */,
			);
			runOnlyForDeploymentPostprocessing = 0;
		};
/* End PBXSourcesBuildPhase section */

/* Begin PBXVariantGroup section */
		E7DF773923EB25F7005BE0F2 /* Main.storyboard */ = {
			isa = PBXVariantGroup;
			children = (
				E7DF773A23EB25F7005BE0F2 /* Base */,
			);
			name = Main.storyboard;
			sourceTree = "<group>";
		};
/* End PBXVariantGroup section */

/* Begin XCBuildConfiguration section */
		E7DF773E23EB25F7005BE0F2 /* Debug */ = {
			isa = XCBuildConfiguration;
			buildSettings = {
				ALWAYS_SEARCH_USER_PATHS = NO;
				CLANG_ANALYZER_NONNULL = YES;
				CLANG_ANALYZER_NUMBER_OBJECT_CONVERSION = YES_AGGRESSIVE;
				CLANG_CXX_LANGUAGE_STANDARD = "gnu++14";
				CLANG_CXX_LIBRARY = "libc++";
				CLANG_ENABLE_MODULES = YES;
				CLANG_ENABLE_OBJC_ARC = YES;
				CLANG_ENABLE_OBJC_WEAK = YES;
				CLANG_WARN_BLOCK_CAPTURE_AUTORELEASING = YES;
				CLANG_WARN_BOOL_CONVERSION = YES;
				CLANG_WARN_COMMA = YES;
				CLANG_WARN_CONSTANT_CONVERSION = YES;
				CLANG_WARN_DEPRECATED_OBJC_IMPLEMENTATIONS = YES;
				CLANG_WARN_DIRECT_OBJC_ISA_USAGE = YES_ERROR;
				CLANG_WARN_DOCUMENTATION_COMMENTS = YES;
				CLANG_WARN_EMPTY_BODY = YES;
				CLANG_WARN_ENUM_CONVERSION = YES;
				CLANG_WARN_INFINITE_RECURSION = YES;
				CLANG_WARN_INT_CONVERSION = YES;
				CLANG_WARN_NON_LITERAL_NULL_CONVERSION = YES;
				CLANG_WARN_OBJC_IMPLICIT_RETAIN_SELF = YES;
				CLANG_WARN_OBJC_LITERAL_CONVERSION = YES;
				CLANG_WARN_OBJC_ROOT_CLASS = YES_ERROR;
				CLANG_WARN_RANGE_LOOP_ANALYSIS = YES;
				CLANG_WARN_STRICT_PROTOTYPES = YES;
				CLANG_WARN_SUSPICIOUS_MOVE = YES;
				CLANG_WARN_UNGUARDED_AVAILABILITY = YES_AGGRESSIVE;
				CLANG_WARN_UNREACHABLE_CODE = YES;
				CLANG_WARN__DUPLICATE_METHOD_MATCH = YES;
				COPY_PHASE_STRIP = NO;
				DEBUG_INFORMATION_FORMAT = dwarf;
				ENABLE_STRICT_OBJC_MSGSEND = YES;
				ENABLE_TESTABILITY = YES;
				GCC_C_LANGUAGE_STANDARD = gnu11;
				GCC_DYNAMIC_NO_PIC = NO;
				GCC_NO_COMMON_BLOCKS = YES;
				GCC_OPTIMIZATION_LEVEL = 0;
				GCC_PREPROCESSOR_DEFINITIONS = (
					"DEBUG=1",
					"$(inherited)",
				);
				GCC_WARN_64_TO_32_BIT_CONVERSION = YES;
				GCC_WARN_ABOUT_RETURN_TYPE = YES_ERROR;
				GCC_WARN_UNDECLARED_SELECTOR = YES;
				GCC_WARN_UNINITIALIZED_AUTOS = YES_AGGRESSIVE;
				GCC_WARN_UNUSED_FUNCTION = YES;
				GCC_WARN_UNUSED_VARIABLE = YES;
				MACOSX_DEPLOYMENT_TARGET = 10.15;
				MTL_ENABLE_DEBUG_INFO = INCLUDE_SOURCE;
				MTL_FAST_MATH = YES;
				ONLY_ACTIVE_ARCH = YES;
				SDKROOT = macosx;
				SWIFT_ACTIVE_COMPILATION_CONDITIONS = DEBUG;
				SWIFT_OPTIMIZATION_LEVEL = "-Onone";
			};
			name = Debug;
		};
		E7DF773F23EB25F7005BE0F2 /* Release */ = {
			isa = XCBuildConfiguration;
			buildSettings = {
				ALWAYS_SEARCH_USER_PATHS = NO;
				CLANG_ANALYZER_NONNULL = YES;
				CLANG_ANALYZER_NUMBER_OBJECT_CONVERSION = YES_AGGRESSIVE;
				CLANG_CXX_LANGUAGE_STANDARD = "gnu++14";
				CLANG_CXX_LIBRARY = "libc++";
				CLANG_ENABLE_MODULES = YES;
				CLANG_ENABLE_OBJC_ARC = YES;
				CLANG_ENABLE_OBJC_WEAK = YES;
				CLANG_WARN_BLOCK_CAPTURE_AUTORELEASING = YES;
				CLANG_WARN_BOOL_CONVERSION = YES;
				CLANG_WARN_COMMA = YES;
				CLANG_WARN_CONSTANT_CONVERSION = YES;
				CLANG_WARN_DEPRECATED_OBJC_IMPLEMENTATIONS = YES;
				CLANG_WARN_DIRECT_OBJC_ISA_USAGE = YES_ERROR;
				CLANG_WARN_DOCUMENTATION_COMMENTS = YES;
				CLANG_WARN_EMPTY_BODY = YES;
				CLANG_WARN_ENUM_CONVERSION = YES;
				CLANG_WARN_INFINITE_RECURSION = YES;
				CLANG_WARN_INT_CONVERSION = YES;
				CLANG_WARN_NON_LITERAL_NULL_CONVERSION = YES;
				CLANG_WARN_OBJC_IMPLICIT_RETAIN_SELF = YES;
				CLANG_WARN_OBJC_LITERAL_CONVERSION = YES;
				CLANG_WARN_OBJC_ROOT_CLASS = YES_ERROR;
				CLANG_WARN_RANGE_LOOP_ANALYSIS = YES;
				CLANG_WARN_STRICT_PROTOTYPES = YES;
				CLANG_WARN_SUSPICIOUS_MOVE = YES;
				CLANG_WARN_UNGUARDED_AVAILABILITY = YES_AGGRESSIVE;
				CLANG_WARN_UNREACHABLE_CODE = YES;
				CLANG_WARN__DUPLICATE_METHOD_MATCH = YES;
				COPY_PHASE_STRIP = NO;
				DEBUG_INFORMATION_FORMAT = "dwarf-with-dsym";
				ENABLE_NS_ASSERTIONS = NO;
				ENABLE_STRICT_OBJC_MSGSEND = YES;
				GCC_C_LANGUAGE_STANDARD = gnu11;
				GCC_NO_COMMON_BLOCKS = YES;
				GCC_WARN_64_TO_32_BIT_CONVERSION = YES;
				GCC_WARN_ABOUT_RETURN_TYPE = YES_ERROR;
				GCC_WARN_UNDECLARED_SELECTOR = YES;
				GCC_WARN_UNINITIALIZED_AUTOS = YES_AGGRESSIVE;
				GCC_WARN_UNUSED_FUNCTION = YES;
				GCC_WARN_UNUSED_VARIABLE = YES;
				MACOSX_DEPLOYMENT_TARGET = 10.15;
				MTL_ENABLE_DEBUG_INFO = NO;
				MTL_FAST_MATH = YES;
				SDKROOT = macosx;
				SWIFT_COMPILATION_MODE = wholemodule;
				SWIFT_OPTIMIZATION_LEVEL = "-O";
			};
			name = Release;
		};
		E7DF774123EB25F7005BE0F2 /* Debug */ = {
			isa = XCBuildConfiguration;
			buildSettings = {
				ASSETCATALOG_COMPILER_APPICON_NAME = AppIcon;
				CODE_SIGN_ENTITLEMENTS = LeMonde/Configuration/LeMonde.entitlements;
				CODE_SIGN_STYLE = Automatic;
				COMBINE_HIDPI_IMAGES = YES;
				DEVELOPMENT_ASSET_PATHS = "\"LeMonde/Preview Content\"";
				DEVELOPMENT_TEAM = C7G63Q6LZ9;
				ENABLE_HARDENED_RUNTIME = YES;
				ENABLE_PREVIEWS = YES;
				INFOPLIST_FILE = LeMonde/Configuration/Info.plist;
				LD_RUNPATH_SEARCH_PATHS = (
					"$(inherited)",
					"@executable_path/../Frameworks",
				);
				MACOSX_DEPLOYMENT_TARGET = 10.15;
				PRODUCT_BUNDLE_IDENTIFIER = com.gaetanzanella.LeMonde;
				PRODUCT_NAME = "$(TARGET_NAME)";
				SWIFT_VERSION = 5.0;
			};
			name = Debug;
		};
		E7DF774223EB25F7005BE0F2 /* Release */ = {
			isa = XCBuildConfiguration;
			buildSettings = {
				ASSETCATALOG_COMPILER_APPICON_NAME = AppIcon;
				CODE_SIGN_ENTITLEMENTS = LeMonde/Configuration/LeMonde.entitlements;
				CODE_SIGN_STYLE = Automatic;
				COMBINE_HIDPI_IMAGES = YES;
				DEVELOPMENT_ASSET_PATHS = "\"LeMonde/Preview Content\"";
				DEVELOPMENT_TEAM = C7G63Q6LZ9;
				ENABLE_HARDENED_RUNTIME = YES;
				ENABLE_PREVIEWS = YES;
				INFOPLIST_FILE = LeMonde/Configuration/Info.plist;
				LD_RUNPATH_SEARCH_PATHS = (
					"$(inherited)",
					"@executable_path/../Frameworks",
				);
				MACOSX_DEPLOYMENT_TARGET = 10.15;
				PRODUCT_BUNDLE_IDENTIFIER = com.gaetanzanella.LeMonde;
				PRODUCT_NAME = "$(TARGET_NAME)";
				SWIFT_VERSION = 5.0;
			};
			name = Release;
		};
/* End XCBuildConfiguration section */

/* Begin XCConfigurationList section */
		E7DF772823EB25F6005BE0F2 /* Build configuration list for PBXProject "LeMonde" */ = {
			isa = XCConfigurationList;
			buildConfigurations = (
				E7DF773E23EB25F7005BE0F2 /* Debug */,
				E7DF773F23EB25F7005BE0F2 /* Release */,
			);
			defaultConfigurationIsVisible = 0;
			defaultConfigurationName = Release;
		};
		E7DF774023EB25F7005BE0F2 /* Build configuration list for PBXNativeTarget "LeMonde" */ = {
			isa = XCConfigurationList;
			buildConfigurations = (
				E7DF774123EB25F7005BE0F2 /* Debug */,
				E7DF774223EB25F7005BE0F2 /* Release */,
			);
			defaultConfigurationIsVisible = 0;
			defaultConfigurationName = Release;
		};
/* End XCConfigurationList section */

/* Begin XCSwiftPackageProductDependency section */
		E7AB00A423EEDE4200C39FC8 /* Core */ = {
			isa = XCSwiftPackageProductDependency;
			productName = Core;
		};
/* End XCSwiftPackageProductDependency section */
	};
	rootObject = E7DF772523EB25F6005BE0F2 /* Project object */;
}
